{
  "name": "json-schema-to-zod",
  "version": "1.0.0",
  "lockfileVersion": 1,
  "requires": true,
  "dependencies": {
    "@types/json-schema": {
      "version": "7.0.9",
      "resolved": "https://registry.npmjs.org/@types/json-schema/-/json-schema-7.0.9.tgz",
      "integrity": "sha512-qcUXuemtEu+E5wZSJHNxUXeCZhAfXKQ41D+duX+VYPde7xyEVZci+/oXKJL13tnRs9lR2pr4fod59GT6/X1/yQ=="
    },
    "@types/node": {
      "version": "16.6.1",
      "resolved": "https://registry.npmjs.org/@types/node/-/node-16.6.1.tgz",
      "integrity": "sha512-Sr7BhXEAer9xyGuCN3Ek9eg9xPviCF2gfu9kTfuU2HkTVAMYSDeX40fvpmo72n5nansg3nsBjuQBrsS28r+NUw=="
    },
    "@types/prettier": {
      "version": "2.3.2",
      "resolved": "https://registry.npmjs.org/@types/prettier/-/prettier-2.3.2.tgz",
      "integrity": "sha512-eI5Yrz3Qv4KPUa/nSIAi0h+qX0XyewOliug5F2QAtuRg6Kjg6jfmxe1GIwoIRhZspD1A0RP8ANrPwvEXXtRFog=="
    },
    "prettier": {
      "version": "2.3.2",
      "resolved": "https://registry.npmjs.org/prettier/-/prettier-2.3.2.tgz",
      "integrity": "sha512-lnJzDfJ66zkMy58OL5/NY5zp70S7Nz6KqcKkXYzn2tMVrNxvbqaBpg7H3qHaLxCJ5lNMsGuM8+ohS7cZrthdLQ=="
    },
    "typescript": {
      "version": "4.3.5",
      "resolved": "https://registry.npmjs.org/typescript/-/typescript-4.3.5.tgz",
      "integrity": "sha512-DqQgihaQ9cUrskJo9kIyW/+g0Vxsk8cDtZ52a3NGh0YNTfpUSArXSohyUGnvbPazEPLu398C0UxmKSOrPumUzA=="
    },
    "zod": {
      "version": "3.11.3",
      "resolved": "https://registry.npmjs.org/zod/-/zod-3.11.3.tgz",
      "integrity": "sha512-1tsXrIQbl0Ii4lKA9ZpFjKkvZ5GhEfQQ0kVhD99dSkkXUsPVy75HlF9GuB12tVH5lxl+fLl/hmwQHMAq5kpy9A=="
    }
  }
}
